// !$*UTF8*$!
{
	archiveVersion = 1;
	classes = {
	};
	objectVersion = 48;
	objects = {

/* Begin PBXBuildFile section */
		16614D2220926FA200B6892C /* GoogleService-Info.plist in Resources */ = {isa = PBXBuildFile; fileRef = 16614D2120926FA200B6892C /* GoogleService-Info.plist */; };
		16688D83204F5B19006523D8 /* CoinCell.swift in Sources */ = {isa = PBXBuildFile; fileRef = 16688D82204F5B19006523D8 /* CoinCell.swift */; };
		166F08B2205DAC4E00C35F31 /* Avenir.swift in Sources */ = {isa = PBXBuildFile; fileRef = 166F08B1205DAC4E00C35F31 /* Avenir.swift */; };
		16CCC3EF204E069F0027A49E /* AppDelegate.swift in Sources */ = {isa = PBXBuildFile; fileRef = 16CCC3EE204E069F0027A49E /* AppDelegate.swift */; };
		16CCC3F1204E069F0027A49E /* CoinListViewController.swift in Sources */ = {isa = PBXBuildFile; fileRef = 16CCC3F0204E069F0027A49E /* CoinListViewController.swift */; };
		16CCC3F4204E069F0027A49E /* Main.storyboard in Resources */ = {isa = PBXBuildFile; fileRef = 16CCC3F2204E069F0027A49E /* Main.storyboard */; };
		16CCC3F6204E069F0027A49E /* Assets.xcassets in Resources */ = {isa = PBXBuildFile; fileRef = 16CCC3F5204E069F0027A49E /* Assets.xcassets */; };
		16CCC3F9204E069F0027A49E /* LaunchScreen.storyboard in Resources */ = {isa = PBXBuildFile; fileRef = 16CCC3F7204E069F0027A49E /* LaunchScreen.storyboard */; };
		16CCC405204E0B0A0027A49E /* Coin.swift in Sources */ = {isa = PBXBuildFile; fileRef = 16CCC404204E0B0A0027A49E /* Coin.swift */; };
		16EFF0F2205C509B00CFA32A /* CoinFetcher.swift in Sources */ = {isa = PBXBuildFile; fileRef = 16EFF0F1205C509B00CFA32A /* CoinFetcher.swift */; };
		81ECE7FC10315910B4619C12 /* Pods_kuzushi.framework in Frameworks */ = {isa = PBXBuildFile; fileRef = 84904B77D1154DF428F998AE /* Pods_kuzushi.framework */; };
/* End PBXBuildFile section */

/* Begin PBXFileReference section */
		16614D2120926FA200B6892C /* GoogleService-Info.plist */ = {isa = PBXFileReference; fileEncoding = 4; lastKnownFileType = text.plist.xml; path = "GoogleService-Info.plist"; sourceTree = "<group>"; };
		16688D82204F5B19006523D8 /* CoinCell.swift */ = {isa = PBXFileReference; lastKnownFileType = sourcecode.swift; name = CoinCell.swift; path = kuzushi/View/CoinCell.swift; sourceTree = SOURCE_ROOT; };
		166F08B1205DAC4E00C35F31 /* Avenir.swift */ = {isa = PBXFileReference; lastKnownFileType = sourcecode.swift; path = Avenir.swift; sourceTree = "<group>"; };
		16CCC3EB204E069F0027A49E /* kuzushi.app */ = {isa = PBXFileReference; explicitFileType = wrapper.application; includeInIndex = 0; path = kuzushi.app; sourceTree = BUILT_PRODUCTS_DIR; };
		16CCC3EE204E069F0027A49E /* AppDelegate.swift */ = {isa = PBXFileReference; lastKnownFileType = sourcecode.swift; path = AppDelegate.swift; sourceTree = "<group>"; };
		16CCC3F0204E069F0027A49E /* CoinListViewController.swift */ = {isa = PBXFileReference; lastKnownFileType = sourcecode.swift; path = CoinListViewController.swift; sourceTree = "<group>"; };
		16CCC3F3204E069F0027A49E /* Base */ = {isa = PBXFileReference; lastKnownFileType = file.storyboard; name = Base; path = Base.lproj/Main.storyboard; sourceTree = "<group>"; };
		16CCC3F5204E069F0027A49E /* Assets.xcassets */ = {isa = PBXFileReference; lastKnownFileType = folder.assetcatalog; path = Assets.xcassets; sourceTree = "<group>"; };
		16CCC3F8204E069F0027A49E /* Base */ = {isa = PBXFileReference; lastKnownFileType = file.storyboard; name = Base; path = Base.lproj/LaunchScreen.storyboard; sourceTree = "<group>"; };
		16CCC3FA204E069F0027A49E /* Info.plist */ = {isa = PBXFileReference; lastKnownFileType = text.plist.xml; path = Info.plist; sourceTree = "<group>"; };
		16CCC404204E0B0A0027A49E /* Coin.swift */ = {isa = PBXFileReference; lastKnownFileType = sourcecode.swift; path = Coin.swift; sourceTree = "<group>"; };
		16EFF0F1205C509B00CFA32A /* CoinFetcher.swift */ = {isa = PBXFileReference; lastKnownFileType = sourcecode.swift; path = CoinFetcher.swift; sourceTree = "<group>"; };
		84904B77D1154DF428F998AE /* Pods_kuzushi.framework */ = {isa = PBXFileReference; explicitFileType = wrapper.framework; includeInIndex = 0; path = Pods_kuzushi.framework; sourceTree = BUILT_PRODUCTS_DIR; };
		B08894654521EBD3B9F0E069 /* Pods-kuzushi.debug.xcconfig */ = {isa = PBXFileReference; includeInIndex = 1; lastKnownFileType = text.xcconfig; name = "Pods-kuzushi.debug.xcconfig"; path = "Pods/Target Support Files/Pods-kuzushi/Pods-kuzushi.debug.xcconfig"; sourceTree = "<group>"; };
		B2DEBB0A891D662F54A65291 /* Pods-kuzushi.release.xcconfig */ = {isa = PBXFileReference; includeInIndex = 1; lastKnownFileType = text.xcconfig; name = "Pods-kuzushi.release.xcconfig"; path = "Pods/Target Support Files/Pods-kuzushi/Pods-kuzushi.release.xcconfig"; sourceTree = "<group>"; };
/* End PBXFileReference section */

/* Begin PBXFrameworksBuildPhase section */
		16CCC3E8204E069F0027A49E /* Frameworks */ = {
			isa = PBXFrameworksBuildPhase;
			buildActionMask = 2147483647;
			files = (
				81ECE7FC10315910B4619C12 /* Pods_kuzushi.framework in Frameworks */,
			);
			runOnlyForDeploymentPostprocessing = 0;
		};
/* End PBXFrameworksBuildPhase section */

/* Begin PBXGroup section */
		16CCC3E2204E069F0027A49E = {
			isa = PBXGroup;
			children = (
				16CCC3ED204E069F0027A49E /* kuzushi */,
				16CCC3EC204E069F0027A49E /* Products */,
				82314A9FB27AC5DCD4A44B6C /* Pods */,
				A9FB28E96FB3AFC1079DDEEA /* Frameworks */,
			);
			sourceTree = "<group>";
		};
		16CCC3EC204E069F0027A49E /* Products */ = {
			isa = PBXGroup;
			children = (
				16CCC3EB204E069F0027A49E /* kuzushi.app */,
			);
			name = Products;
			sourceTree = "<group>";
		};
		16CCC3ED204E069F0027A49E /* kuzushi */ = {
			isa = PBXGroup;
			children = (
				16CCC403204E0AB80027A49E /* Controller */,
				16CCC402204E0AB50027A49E /* View */,
				16CCC401204E0AB10027A49E /* Model */,
				16CCC3EE204E069F0027A49E /* AppDelegate.swift */,
				16CCC3F2204E069F0027A49E /* Main.storyboard */,
				16CCC3F5204E069F0027A49E /* Assets.xcassets */,
				16CCC3F7204E069F0027A49E /* LaunchScreen.storyboard */,
				16CCC3FA204E069F0027A49E /* Info.plist */,
				16614D2120926FA200B6892C /* GoogleService-Info.plist */,
			);
			path = kuzushi;
			sourceTree = "<group>";
		};
		16CCC401204E0AB10027A49E /* Model */ = {
			isa = PBXGroup;
			children = (
				16CCC404204E0B0A0027A49E /* Coin.swift */,
				16EFF0F1205C509B00CFA32A /* CoinFetcher.swift */,
				166F08B1205DAC4E00C35F31 /* Avenir.swift */,
			);
			path = Model;
			sourceTree = "<group>";
		};
		16CCC402204E0AB50027A49E /* View */ = {
			isa = PBXGroup;
			children = (
				16688D82204F5B19006523D8 /* CoinCell.swift */,
			);
			path = View;
			sourceTree = "<group>";
		};
		16CCC403204E0AB80027A49E /* Controller */ = {
			isa = PBXGroup;
			children = (
				16CCC3F0204E069F0027A49E /* CoinListViewController.swift */,
			);
			path = Controller;
			sourceTree = "<group>";
		};
		82314A9FB27AC5DCD4A44B6C /* Pods */ = {
			isa = PBXGroup;
			children = (
				B08894654521EBD3B9F0E069 /* Pods-kuzushi.debug.xcconfig */,
				B2DEBB0A891D662F54A65291 /* Pods-kuzushi.release.xcconfig */,
			);
			name = Pods;
			sourceTree = "<group>";
		};
		A9FB28E96FB3AFC1079DDEEA /* Frameworks */ = {
			isa = PBXGroup;
			children = (
				84904B77D1154DF428F998AE /* Pods_kuzushi.framework */,
			);
			name = Frameworks;
			sourceTree = "<group>";
		};
/* End PBXGroup section */

/* Begin PBXNativeTarget section */
		16CCC3EA204E069F0027A49E /* kuzushi */ = {
			isa = PBXNativeTarget;
			buildConfigurationList = 16CCC3FD204E069F0027A49E /* Build configuration list for PBXNativeTarget "kuzushi" */;
			buildPhases = (
				5D76B7BC99A9CF1F3A417982 /* [CP] Check Pods Manifest.lock */,
				16CCC3E7204E069F0027A49E /* Sources */,
				16CCC3E8204E069F0027A49E /* Frameworks */,
				16CCC3E9204E069F0027A49E /* Resources */,
				BA59FB09922FDDF1D8C59C5B /* [CP] Embed Pods Frameworks */,
				D1795BB75B3BBC5D455D5FF1 /* [CP] Copy Pods Resources */,
				16CCC400204E08960027A49E /* Swiftlint */,
			);
			buildRules = (
			);
			dependencies = (
			);
			name = kuzushi;
			productName = kuzushi;
			productReference = 16CCC3EB204E069F0027A49E /* kuzushi.app */;
			productType = "com.apple.product-type.application";
		};
/* End PBXNativeTarget section */

/* Begin PBXProject section */
		16CCC3E3204E069F0027A49E /* Project object */ = {
			isa = PBXProject;
			attributes = {
				LastSwiftUpdateCheck = 0920;
				LastUpgradeCheck = 0920;
				ORGANIZATIONNAME = "Dave's Organization";
				TargetAttributes = {
					16CCC3EA204E069F0027A49E = {
						CreatedOnToolsVersion = 9.2;
						ProvisioningStyle = Automatic;
					};
				};
			};
			buildConfigurationList = 16CCC3E6204E069F0027A49E /* Build configuration list for PBXProject "kuzushi" */;
			compatibilityVersion = "Xcode 8.0";
			developmentRegion = en;
			hasScannedForEncodings = 0;
			knownRegions = (
				en,
				Base,
			);
			mainGroup = 16CCC3E2204E069F0027A49E;
			productRefGroup = 16CCC3EC204E069F0027A49E /* Products */;
			projectDirPath = "";
			projectRoot = "";
			targets = (
				16CCC3EA204E069F0027A49E /* kuzushi */,
			);
		};
/* End PBXProject section */

/* Begin PBXResourcesBuildPhase section */
		16CCC3E9204E069F0027A49E /* Resources */ = {
			isa = PBXResourcesBuildPhase;
			buildActionMask = 2147483647;
			files = (
				16CCC3F9204E069F0027A49E /* LaunchScreen.storyboard in Resources */,
				16CCC3F6204E069F0027A49E /* Assets.xcassets in Resources */,
				16CCC3F4204E069F0027A49E /* Main.storyboard in Resources */,
				16614D2220926FA200B6892C /* GoogleService-Info.plist in Resources */,
			);
			runOnlyForDeploymentPostprocessing = 0;
		};
/* End PBXResourcesBuildPhase section */

/* Begin PBXShellScriptBuildPhase section */
		16CCC400204E08960027A49E /* Swiftlint */ = {
			isa = PBXShellScriptBuildPhase;
			buildActionMask = 2147483647;
			files = (
			);
			inputPaths = (
			);
			name = Swiftlint;
			outputPaths = (
			);
			runOnlyForDeploymentPostprocessing = 0;
			shellPath = /bin/sh;
			shellScript = "if which swiftlint >/dev/null; then\n    swiftlint\nelse\n    echo \"warning: SwiftLint not installed, download from https://github.com/realm/SwiftLint\"\nfi";
		};
		5D76B7BC99A9CF1F3A417982 /* [CP] Check Pods Manifest.lock */ = {
			isa = PBXShellScriptBuildPhase;
			buildActionMask = 2147483647;
			files = (
			);
			inputPaths = (
			);
			name = "[CP] Check Pods Manifest.lock";
			outputPaths = (
			);
			runOnlyForDeploymentPostprocessing = 0;
			shellPath = /bin/sh;
			shellScript = "diff \"${PODS_PODFILE_DIR_PATH}/Podfile.lock\" \"${PODS_ROOT}/Manifest.lock\" > /dev/null\nif [ $? != 0 ] ; then\n    # print error to STDERR\n    echo \"error: The sandbox is not in sync with the Podfile.lock. Run 'pod install' or update your CocoaPods installation.\" >&2\n    exit 1\nfi\n";
			showEnvVarsInLog = 0;
		};
		BA59FB09922FDDF1D8C59C5B /* [CP] Embed Pods Frameworks */ = {
			isa = PBXShellScriptBuildPhase;
			buildActionMask = 2147483647;
			files = (
			);
			inputPaths = (
			);
			name = "[CP] Embed Pods Frameworks";
			outputPaths = (
			);
			runOnlyForDeploymentPostprocessing = 0;
			shellPath = /bin/sh;
			shellScript = "\"${SRCROOT}/Pods/Target Support Files/Pods-kuzushi/Pods-kuzushi-frameworks.sh\"\n";
			showEnvVarsInLog = 0;
		};
		D1795BB75B3BBC5D455D5FF1 /* [CP] Copy Pods Resources */ = {
			isa = PBXShellScriptBuildPhase;
			buildActionMask = 2147483647;
			files = (
			);
			inputPaths = (
			);
			name = "[CP] Copy Pods Resources";
			outputPaths = (
			);
			runOnlyForDeploymentPostprocessing = 0;
			shellPath = /bin/sh;
			shellScript = "\"${SRCROOT}/Pods/Target Support Files/Pods-kuzushi/Pods-kuzushi-resources.sh\"\n";
			showEnvVarsInLog = 0;
		};
/* End PBXShellScriptBuildPhase section */

/* Begin PBXSourcesBuildPhase section */
		16CCC3E7204E069F0027A49E /* Sources */ = {
			isa = PBXSourcesBuildPhase;
			buildActionMask = 2147483647;
			files = (
				16CCC405204E0B0A0027A49E /* Coin.swift in Sources */,
				16688D83204F5B19006523D8 /* CoinCell.swift in Sources */,
				166F08B2205DAC4E00C35F31 /* Avenir.swift in Sources */,
				16CCC3F1204E069F0027A49E /* CoinListViewController.swift in Sources */,
				16EFF0F2205C509B00CFA32A /* CoinFetcher.swift in Sources */,
				16CCC3EF204E069F0027A49E /* AppDelegate.swift in Sources */,
			);
			runOnlyForDeploymentPostprocessing = 0;
		};
/* End PBXSourcesBuildPhase section */

/* Begin PBXVariantGroup section */
		16CCC3F2204E069F0027A49E /* Main.storyboard */ = {
			isa = PBXVariantGroup;
			children = (
				16CCC3F3204E069F0027A49E /* Base */,
			);
			name = Main.storyboard;
			sourceTree = "<group>";
		};
		16CCC3F7204E069F0027A49E /* LaunchScreen.storyboard */ = {
			isa = PBXVariantGroup;
			children = (
				16CCC3F8204E069F0027A49E /* Base */,
			);
			name = LaunchScreen.storyboard;
			sourceTree = "<group>";
		};
/* End PBXVariantGroup section */

/* Begin XCBuildConfiguration section */
		16CCC3FB204E069F0027A49E /* Debug */ = {
			isa = XCBuildConfiguration;
			buildSettings = {
				ALWAYS_SEARCH_USER_PATHS = NO;
				CLANG_ANALYZER_NONNULL = YES;
				CLANG_ANALYZER_NUMBER_OBJECT_CONVERSION = YES_AGGRESSIVE;
				CLANG_CXX_LANGUAGE_STANDARD = "gnu++14";
				CLANG_CXX_LIBRARY = "libc++";
				CLANG_ENABLE_MODULES = YES;
				CLANG_ENABLE_OBJC_ARC = YES;
				CLANG_WARN_BLOCK_CAPTURE_AUTORELEASING = YES;
				CLANG_WARN_BOOL_CONVERSION = YES;
				CLANG_WARN_COMMA = YES;
				CLANG_WARN_CONSTANT_CONVERSION = YES;
				CLANG_WARN_DIRECT_OBJC_ISA_USAGE = YES_ERROR;
				CLANG_WARN_DOCUMENTATION_COMMENTS = YES;
				CLANG_WARN_EMPTY_BODY = YES;
				CLANG_WARN_ENUM_CONVERSION = YES;
				CLANG_WARN_INFINITE_RECURSION = YES;
				CLANG_WARN_INT_CONVERSION = YES;
				CLANG_WARN_NON_LITERAL_NULL_CONVERSION = YES;
				CLANG_WARN_OBJC_LITERAL_CONVERSION = YES;
				CLANG_WARN_OBJC_ROOT_CLASS = YES_ERROR;
				CLANG_WARN_RANGE_LOOP_ANALYSIS = YES;
				CLANG_WARN_STRICT_PROTOTYPES = YES;
				CLANG_WARN_SUSPICIOUS_MOVE = YES;
				CLANG_WARN_UNGUARDED_AVAILABILITY = YES_AGGRESSIVE;
				CLANG_WARN_UNREACHABLE_CODE = YES;
				CLANG_WARN__DUPLICATE_METHOD_MATCH = YES;
				CODE_SIGN_IDENTITY = "iPhone Developer";
				COPY_PHASE_STRIP = NO;
				DEBUG_INFORMATION_FORMAT = dwarf;
				ENABLE_STRICT_OBJC_MSGSEND = YES;
				ENABLE_TESTABILITY = YES;
				GCC_C_LANGUAGE_STANDARD = gnu11;
				GCC_DYNAMIC_NO_PIC = NO;
				GCC_NO_COMMON_BLOCKS = YES;
				GCC_OPTIMIZATION_LEVEL = 0;
				GCC_PREPROCESSOR_DEFINITIONS = (
					"DEBUG=1",
					"$(inherited)",
				);
				GCC_WARN_64_TO_32_BIT_CONVERSION = YES;
				GCC_WARN_ABOUT_RETURN_TYPE = YES_ERROR;
				GCC_WARN_UNDECLARED_SELECTOR = YES;
				GCC_WARN_UNINITIALIZED_AUTOS = YES_AGGRESSIVE;
				GCC_WARN_UNUSED_FUNCTION = YES;
				GCC_WARN_UNUSED_VARIABLE = YES;
				IPHONEOS_DEPLOYMENT_TARGET = 9.0;
				MTL_ENABLE_DEBUG_INFO = YES;
				ONLY_ACTIVE_ARCH = YES;
				SDKROOT = iphoneos;
				SWIFT_ACTIVE_COMPILATION_CONDITIONS = DEBUG;
				SWIFT_OPTIMIZATION_LEVEL = "-Onone";
			};
			name = Debug;
		};
		16CCC3FC204E069F0027A49E /* Release */ = {
			isa = XCBuildConfiguration;
			buildSettings = {
				ALWAYS_SEARCH_USER_PATHS = NO;
				CLANG_ANALYZER_NONNULL = YES;
				CLANG_ANALYZER_NUMBER_OBJECT_CONVERSION = YES_AGGRESSIVE;
				CLANG_CXX_LANGUAGE_STANDARD = "gnu++14";
				CLANG_CXX_LIBRARY = "libc++";
				CLANG_ENABLE_MODULES = YES;
				CLANG_ENABLE_OBJC_ARC = YES;
				CLANG_WARN_BLOCK_CAPTURE_AUTORELEASING = YES;
				CLANG_WARN_BOOL_CONVERSION = YES;
				CLANG_WARN_COMMA = YES;
				CLANG_WARN_CONSTANT_CONVERSION = YES;
				CLANG_WARN_DIRECT_OBJC_ISA_USAGE = YES_ERROR;
				CLANG_WARN_DOCUMENTATION_COMMENTS = YES;
				CLANG_WARN_EMPTY_BODY = YES;
				CLANG_WARN_ENUM_CONVERSION = YES;
				CLANG_WARN_INFINITE_RECURSION = YES;
				CLANG_WARN_INT_CONVERSION = YES;
				CLANG_WARN_NON_LITERAL_NULL_CONVERSION = YES;
				CLANG_WARN_OBJC_LITERAL_CONVERSION = YES;
				CLANG_WARN_OBJC_ROOT_CLASS = YES_ERROR;
				CLANG_WARN_RANGE_LOOP_ANALYSIS = YES;
				CLANG_WARN_STRICT_PROTOTYPES = YES;
				CLANG_WARN_SUSPICIOUS_MOVE = YES;
				CLANG_WARN_UNGUARDED_AVAILABILITY = YES_AGGRESSIVE;
				CLANG_WARN_UNREACHABLE_CODE = YES;
				CLANG_WARN__DUPLICATE_METHOD_MATCH = YES;
				CODE_SIGN_IDENTITY = "iPhone Developer";
				COPY_PHASE_STRIP = NO;
				DEBUG_INFORMATION_FORMAT = "dwarf-with-dsym";
				ENABLE_NS_ASSERTIONS = NO;
				ENABLE_STRICT_OBJC_MSGSEND = YES;
				GCC_C_LANGUAGE_STANDARD = gnu11;
				GCC_NO_COMMON_BLOCKS = YES;
				GCC_WARN_64_TO_32_BIT_CONVERSION = YES;
				GCC_WARN_ABOUT_RETURN_TYPE = YES_ERROR;
				GCC_WARN_UNDECLARED_SELECTOR = YES;
				GCC_WARN_UNINITIALIZED_AUTOS = YES_AGGRESSIVE;
				GCC_WARN_UNUSED_FUNCTION = YES;
				GCC_WARN_UNUSED_VARIABLE = YES;
				IPHONEOS_DEPLOYMENT_TARGET = 9.0;
				MTL_ENABLE_DEBUG_INFO = NO;
				SDKROOT = iphoneos;
				SWIFT_OPTIMIZATION_LEVEL = "-Owholemodule";
				VALIDATE_PRODUCT = YES;
			};
			name = Release;
		};
		16CCC3FE204E069F0027A49E /* Debug */ = {
			isa = XCBuildConfiguration;
			baseConfigurationReference = B08894654521EBD3B9F0E069 /* Pods-kuzushi.debug.xcconfig */;
			buildSettings = {
				ASSETCATALOG_COMPILER_APPICON_NAME = AppIcon;
				ASSETCATALOG_COMPILER_LAUNCHIMAGE_NAME = LaunchImage;
				CODE_SIGN_STYLE = Automatic;
				DEVELOPMENT_TEAM = 6F6J9E4SZ2;
				INFOPLIST_FILE = kuzushi/Info.plist;
				IPHONEOS_DEPLOYMENT_TARGET = 9.0;
				LD_RUNPATH_SEARCH_PATHS = "$(inherited) @executable_path/Frameworks";
				PRODUCT_BUNDLE_IDENTIFIER = gumbad.kuzushi;
				PRODUCT_NAME = "$(TARGET_NAME)";
				SWIFT_VERSION = 4.0;
				TARGETED_DEVICE_FAMILY = "1,2";
			};
			name = Debug;
		};
		16CCC3FF204E069F0027A49E /* Release */ = {
			isa = XCBuildConfiguration;
			baseConfigurationReference = B2DEBB0A891D662F54A65291 /* Pods-kuzushi.release.xcconfig */;
			buildSettings = {
				ASSETCATALOG_COMPILER_APPICON_NAME = AppIcon;
				ASSETCATALOG_COMPILER_LAUNCHIMAGE_NAME = LaunchImage;
				CODE_SIGN_STYLE = Automatic;
				DEVELOPMENT_TEAM = 6F6J9E4SZ2;
				INFOPLIST_FILE = kuzushi/Info.plist;
				IPHONEOS_DEPLOYMENT_TARGET = 9.0;
				LD_RUNPATH_SEARCH_PATHS = "$(inherited) @executable_path/Frameworks";
				PRODUCT_BUNDLE_IDENTIFIER = gumbad.kuzushi;
				PRODUCT_NAME = "$(TARGET_NAME)";
				SWIFT_VERSION = 4.0;
				TARGETED_DEVICE_FAMILY = "1,2";
			};
			name = Release;
		};
/* End XCBuildConfiguration section */

/* Begin XCConfigurationList section */
		16CCC3E6204E069F0027A49E /* Build configuration list for PBXProject "kuzushi" */ = {
			isa = XCConfigurationList;
			buildConfigurations = (
				16CCC3FB204E069F0027A49E /* Debug */,
				16CCC3FC204E069F0027A49E /* Release */,
			);
			defaultConfigurationIsVisible = 0;
			defaultConfigurationName = Release;
		};
		16CCC3FD204E069F0027A49E /* Build configuration list for PBXNativeTarget "kuzushi" */ = {
			isa = XCConfigurationList;
			buildConfigurations = (
				16CCC3FE204E069F0027A49E /* Debug */,
				16CCC3FF204E069F0027A49E /* Release */,
			);
			defaultConfigurationIsVisible = 0;
			defaultConfigurationName = Release;
		};
/* End XCConfigurationList section */
	};
	rootObject = 16CCC3E3204E069F0027A49E /* Project object */;
}
